
Microsoft Visual Studio Solution File, Format Version 12.00
# Visual Studio Version 17
VisualStudioVersion = 17.14.37411.7 d17.14
MinimumVisualStudioVersion = 10.0.40219.1
Project("{FAE04EC0-301F-11D3-BF4B-00C04F79EFBC}") = "Library_System_train", "Library_System_train.csproj", "{1300E20E-8818-4F33-B5B8-E3A36B81C2EA}"
EndProject
Global
	GlobalSection(SolutionConfigurationPlatforms) = preSolution
		Debug|Any CPU = Debug|Any CPU
		Release|Any CPU = Release|Any CPU
	EndGlobalSection
	GlobalSection(ProjectConfigurationPlatforms) = postSolution
		{1300E20E-8818-4F33-B5B8-E3A36B81C2EA}.Debug|Any CPU.ActiveCfg = Debug|Any CPU
		{1300E20E-8818-4F33-B5B8-E3A36B81C2EA}.Debug|Any CPU.Build.0 = Debug|Any CPU
		{1300E20E-8818-4F33-B5B8-E3A36B81C2EA}.Release|Any CPU.ActiveCfg = Release|Any CPU
		{1300E20E-8818-4F33-B5B8-E3A36B81C2EA}.Release|Any CPU.Build.0 = Release|Any CPU
	EndGlobalSection
	GlobalSection(SolutionProperties) = preSolution
		HideSolutionNode = FALSE
	EndGlobalSection
	GlobalSection(ExtensibilityGlobals) = postSolution
		SolutionGuid = {358B8121-0B4E-448B-A268-9D6514E8C352}
	EndGlobalSection
EndGlobal
